// !$*UTF8*$!
{
	archiveVersion = 1;
	classes = {
	};
	objectVersion = 46;
	objects = {

/* Begin PBXBuildFile section */
		3E856165195BF64F00BC3C88 /* Foundation.framework in Frameworks */ = {isa = PBXBuildFile; fileRef = 3E856164195BF64F00BC3C88 /* Foundation.framework */; };
		3E856167195BF64F00BC3C88 /* CoreGraphics.framework in Frameworks */ = {isa = PBXBuildFile; fileRef = 3E856166195BF64F00BC3C88 /* CoreGraphics.framework */; };
		3E856169195BF64F00BC3C88 /* UIKit.framework in Frameworks */ = {isa = PBXBuildFile; fileRef = 3E856168195BF64F00BC3C88 /* UIKit.framework */; };
		3E85616F195BF64F00BC3C88 /* InfoPlist.strings in Resources */ = {isa = PBXBuildFile; fileRef = 3E85616D195BF64F00BC3C88 /* InfoPlist.strings */; };
		3E856171195BF64F00BC3C88 /* main.m in Sources */ = {isa = PBXBuildFile; fileRef = 3E856170195BF64F00BC3C88 /* main.m */; };
		3E856175195BF64F00BC3C88 /* AppDelegate.m in Sources */ = {isa = PBXBuildFile; fileRef = 3E856174195BF64F00BC3C88 /* AppDelegate.m */; };
		3E856178195BF64F00BC3C88 /* Main_iPhone.storyboard in Resources */ = {isa = PBXBuildFile; fileRef = 3E856176195BF64F00BC3C88 /* Main_iPhone.storyboard */; };
		3E85617B195BF64F00BC3C88 /* Main_iPad.storyboard in Resources */ = {isa = PBXBuildFile; fileRef = 3E856179195BF64F00BC3C88 /* Main_iPad.storyboard */; };
		3E85617E195BF64F00BC3C88 /* ViewController.m in Sources */ = {isa = PBXBuildFile; fileRef = 3E85617D195BF64F00BC3C88 /* ViewController.m */; };
		3E856180195BF64F00BC3C88 /* Images.xcassets in Resources */ = {isa = PBXBuildFile; fileRef = 3E85617F195BF64F00BC3C88 /* Images.xcassets */; };
		3E85619D195BF67A00BC3C88 /* ParseKeys.plist in Resources */ = {isa = PBXBuildFile; fileRef = 3E85619C195BF67A00BC3C88 /* ParseKeys.plist */; };
		3EA345D9195C02920027A967 /* Parse.framework in Frameworks */ = {isa = PBXBuildFile; fileRef = 3EA345D8195C02920027A967 /* Parse.framework */; };
		3EA345DB195C02A40027A967 /* CoreLocation.framework in Frameworks */ = {isa = PBXBuildFile; fileRef = 3EA345DA195C02A40027A967 /* CoreLocation.framework */; };
		3EA345DD195C02A90027A967 /* StoreKit.framework in Frameworks */ = {isa = PBXBuildFile; fileRef = 3EA345DC195C02A90027A967 /* StoreKit.framework */; };
		3EA345DF195C02AF0027A967 /* libz.1.1.3.dylib in Frameworks */ = {isa = PBXBuildFile; fileRef = 3EA345DE195C02AF0027A967 /* libz.1.1.3.dylib */; };
		3EA345E1195C02B90027A967 /* QuartzCore.framework in Frameworks */ = {isa = PBXBuildFile; fileRef = 3EA345E0195C02B90027A967 /* QuartzCore.framework */; };
		3EA345E3195C02C50027A967 /* AudioToolbox.framework in Frameworks */ = {isa = PBXBuildFile; fileRef = 3EA345E2195C02C50027A967 /* AudioToolbox.framework */; };
		3EA345E5195C02CB0027A967 /* CFNetwork.framework in Frameworks */ = {isa = PBXBuildFile; fileRef = 3EA345E4195C02CB0027A967 /* CFNetwork.framework */; };
		3EA345E7195C02D90027A967 /* MobileCoreServices.framework in Frameworks */ = {isa = PBXBuildFile; fileRef = 3EA345E6195C02D90027A967 /* MobileCoreServices.framework */; };
		3EA345E9195C02E30027A967 /* Security.framework in Frameworks */ = {isa = PBXBuildFile; fileRef = 3EA345E8195C02E30027A967 /* Security.framework */; };
		3EA345EB195C02F30027A967 /* SystemConfiguration.framework in Frameworks */ = {isa = PBXBuildFile; fileRef = 3EA345EA195C02F30027A967 /* SystemConfiguration.framework */; };
/* End PBXBuildFile section */

/* Begin PBXFileReference section */
		3E856161195BF64F00BC3C88 /* NewHour.app */ = {isa = PBXFileReference; explicitFileType = wrapper.application; includeInIndex = 0; path = NewHour.app; sourceTree = BUILT_PRODUCTS_DIR; };
		3E856164195BF64F00BC3C88 /* Foundation.framework */ = {isa = PBXFileReference; lastKnownFileType = wrapper.framework; name = Foundation.framework; path = System/Library/Frameworks/Foundation.framework; sourceTree = SDKROOT; };
		3E856166195BF64F00BC3C88 /* CoreGraphics.framework */ = {isa = PBXFileReference; lastKnownFileType = wrapper.framework; name = CoreGraphics.framework; path = System/Library/Frameworks/CoreGraphics.framework; sourceTree = SDKROOT; };
		3E856168195BF64F00BC3C88 /* UIKit.framework */ = {isa = PBXFileReference; lastKnownFileType = wrapper.framework; name = UIKit.framework; path = System/Library/Frameworks/UIKit.framework; sourceTree = SDKROOT; };
		3E85616C195BF64F00BC3C88 /* NewHour-Info.plist */ = {isa = PBXFileReference; lastKnownFileType = text.plist.xml; path = "NewHour-Info.plist"; sourceTree = "<group>"; };
		3E85616E195BF64F00BC3C88 /* en */ = {isa = PBXFileReference; lastKnownFileType = text.plist.strings; name = en; path = en.lproj/InfoPlist.strings; sourceTree = "<group>"; };
		3E856170195BF64F00BC3C88 /* main.m */ = {isa = PBXFileReference; lastKnownFileType = sourcecode.c.objc; path = main.m; sourceTree = "<group>"; };
		3E856172195BF64F00BC3C88 /* NewHour-Prefix.pch */ = {isa = PBXFileReference; lastKnownFileType = sourcecode.c.h; path = "NewHour-Prefix.pch"; sourceTree = "<group>"; };
		3E856173195BF64F00BC3C88 /* AppDelegate.h */ = {isa = PBXFileReference; lastKnownFileType = sourcecode.c.h; path = AppDelegate.h; sourceTree = "<group>"; };
		3E856174195BF64F00BC3C88 /* AppDelegate.m */ = {isa = PBXFileReference; lastKnownFileType = sourcecode.c.objc; path = AppDelegate.m; sourceTree = "<group>"; };
		3E856177195BF64F00BC3C88 /* Base */ = {isa = PBXFileReference; lastKnownFileType = file.storyboard; name = Base; path = Base.lproj/Main_iPhone.storyboard; sourceTree = "<group>"; };
		3E85617A195BF64F00BC3C88 /* Base */ = {isa = PBXFileReference; lastKnownFileType = file.storyboard; name = Base; path = Base.lproj/Main_iPad.storyboard; sourceTree = "<group>"; };
		3E85617C195BF64F00BC3C88 /* ViewController.h */ = {isa = PBXFileReference; lastKnownFileType = sourcecode.c.h; path = ViewController.h; sourceTree = "<group>"; };
		3E85617D195BF64F00BC3C88 /* ViewController.m */ = {isa = PBXFileReference; lastKnownFileType = sourcecode.c.objc; path = ViewController.m; sourceTree = "<group>"; };
		3E85617F195BF64F00BC3C88 /* Images.xcassets */ = {isa = PBXFileReference; lastKnownFileType = folder.assetcatalog; path = Images.xcassets; sourceTree = "<group>"; };
		3E856186195BF64F00BC3C88 /* XCTest.framework */ = {isa = PBXFileReference; lastKnownFileType = wrapper.framework; name = XCTest.framework; path = Library/Frameworks/XCTest.framework; sourceTree = DEVELOPER_DIR; };
		3E85619C195BF67A00BC3C88 /* ParseKeys.plist */ = {isa = PBXFileReference; fileEncoding = 4; lastKnownFileType = text.plist.xml; path = ParseKeys.plist; sourceTree = "<group>"; };
		3EA345D8195C02920027A967 /* Parse.framework */ = {isa = PBXFileReference; lastKnownFileType = wrapper.framework; path = Parse.framework; sourceTree = "<group>"; };
		3EA345DA195C02A40027A967 /* CoreLocation.framework */ = {isa = PBXFileReference; lastKnownFileType = wrapper.framework; name = CoreLocation.framework; path = System/Library/Frameworks/CoreLocation.framework; sourceTree = SDKROOT; };
		3EA345DC195C02A90027A967 /* StoreKit.framework */ = {isa = PBXFileReference; lastKnownFileType = wrapper.framework; name = StoreKit.framework; path = System/Library/Frameworks/StoreKit.framework; sourceTree = SDKROOT; };
		3EA345DE195C02AF0027A967 /* libz.1.1.3.dylib */ = {isa = PBXFileReference; lastKnownFileType = "compiled.mach-o.dylib"; name = libz.1.1.3.dylib; path = usr/lib/libz.1.1.3.dylib; sourceTree = SDKROOT; };
		3EA345E0195C02B90027A967 /* QuartzCore.framework */ = {isa = PBXFileReference; lastKnownFileType = wrapper.framework; name = QuartzCore.framework; path = System/Library/Frameworks/QuartzCore.framework; sourceTree = SDKROOT; };
		3EA345E2195C02C50027A967 /* AudioToolbox.framework */ = {isa = PBXFileReference; lastKnownFileType = wrapper.framework; name = AudioToolbox.framework; path = System/Library/Frameworks/AudioToolbox.framework; sourceTree = SDKROOT; };
		3EA345E4195C02CB0027A967 /* CFNetwork.framework */ = {isa = PBXFileReference; lastKnownFileType = wrapper.framework; name = CFNetwork.framework; path = System/Library/Frameworks/CFNetwork.framework; sourceTree = SDKROOT; };
		3EA345E6195C02D90027A967 /* MobileCoreServices.framework */ = {isa = PBXFileReference; lastKnownFileType = wrapper.framework; name = MobileCoreServices.framework; path = System/Library/Frameworks/MobileCoreServices.framework; sourceTree = SDKROOT; };
		3EA345E8195C02E30027A967 /* Security.framework */ = {isa = PBXFileReference; lastKnownFileType = wrapper.framework; name = Security.framework; path = System/Library/Frameworks/Security.framework; sourceTree = SDKROOT; };
		3EA345EA195C02F30027A967 /* SystemConfiguration.framework */ = {isa = PBXFileReference; lastKnownFileType = wrapper.framework; name = SystemConfiguration.framework; path = System/Library/Frameworks/SystemConfiguration.framework; sourceTree = SDKROOT; };
/* End PBXFileReference section */

/* Begin PBXFrameworksBuildPhase section */
		3E85615E195BF64F00BC3C88 /* Frameworks */ = {
			isa = PBXFrameworksBuildPhase;
			buildActionMask = 2147483647;
			files = (
				3EA345EB195C02F30027A967 /* SystemConfiguration.framework in Frameworks */,
				3EA345DD195C02A90027A967 /* StoreKit.framework in Frameworks */,
				3EA345E9195C02E30027A967 /* Security.framework in Frameworks */,
				3EA345E7195C02D90027A967 /* MobileCoreServices.framework in Frameworks */,
				3EA345E5195C02CB0027A967 /* CFNetwork.framework in Frameworks */,
				3EA345E3195C02C50027A967 /* AudioToolbox.framework in Frameworks */,
				3EA345E1195C02B90027A967 /* QuartzCore.framework in Frameworks */,
				3EA345DF195C02AF0027A967 /* libz.1.1.3.dylib in Frameworks */,
				3EA345DB195C02A40027A967 /* CoreLocation.framework in Frameworks */,
				3E856167195BF64F00BC3C88 /* CoreGraphics.framework in Frameworks */,
				3E856169195BF64F00BC3C88 /* UIKit.framework in Frameworks */,
				3EA345D9195C02920027A967 /* Parse.framework in Frameworks */,
				3E856165195BF64F00BC3C88 /* Foundation.framework in Frameworks */,
			);
			runOnlyForDeploymentPostprocessing = 0;
		};
/* End PBXFrameworksBuildPhase section */

/* Begin PBXGroup section */
		3E856158195BF64F00BC3C88 = {
			isa = PBXGroup;
			children = (
				3E85616A195BF64F00BC3C88 /* NewHour */,
				3E856163195BF64F00BC3C88 /* Frameworks */,
				3E856162195BF64F00BC3C88 /* Products */,
			);
			sourceTree = "<group>";
		};
		3E856162195BF64F00BC3C88 /* Products */ = {
			isa = PBXGroup;
			children = (
				3E856161195BF64F00BC3C88 /* NewHour.app */,
			);
			name = Products;
			sourceTree = "<group>";
		};
		3E856163195BF64F00BC3C88 /* Frameworks */ = {
			isa = PBXGroup;
			children = (
				3EA345EA195C02F30027A967 /* SystemConfiguration.framework */,
				3EA345E8195C02E30027A967 /* Security.framework */,
				3EA345E6195C02D90027A967 /* MobileCoreServices.framework */,
				3EA345E4195C02CB0027A967 /* CFNetwork.framework */,
				3EA345E2195C02C50027A967 /* AudioToolbox.framework */,
				3EA345E0195C02B90027A967 /* QuartzCore.framework */,
				3EA345DE195C02AF0027A967 /* libz.1.1.3.dylib */,
				3EA345DC195C02A90027A967 /* StoreKit.framework */,
				3EA345DA195C02A40027A967 /* CoreLocation.framework */,
				3EA345D8195C02920027A967 /* Parse.framework */,
				3E856164195BF64F00BC3C88 /* Foundation.framework */,
				3E856166195BF64F00BC3C88 /* CoreGraphics.framework */,
				3E856168195BF64F00BC3C88 /* UIKit.framework */,
				3E856186195BF64F00BC3C88 /* XCTest.framework */,
			);
			name = Frameworks;
			sourceTree = "<group>";
		};
		3E85616A195BF64F00BC3C88 /* NewHour */ = {
			isa = PBXGroup;
			children = (
				3E856173195BF64F00BC3C88 /* AppDelegate.h */,
				3E856174195BF64F00BC3C88 /* AppDelegate.m */,
				3E856176195BF64F00BC3C88 /* Main_iPhone.storyboard */,
				3E856179195BF64F00BC3C88 /* Main_iPad.storyboard */,
				3E85617C195BF64F00BC3C88 /* ViewController.h */,
				3E85617D195BF64F00BC3C88 /* ViewController.m */,
				3E85617F195BF64F00BC3C88 /* Images.xcassets */,
				3E85616B195BF64F00BC3C88 /* Supporting Files */,
			);
			path = NewHour;
			sourceTree = "<group>";
		};
		3E85616B195BF64F00BC3C88 /* Supporting Files */ = {
			isa = PBXGroup;
			children = (
				3E85616C195BF64F00BC3C88 /* NewHour-Info.plist */,
				3E85619C195BF67A00BC3C88 /* ParseKeys.plist */,
				3E85616D195BF64F00BC3C88 /* InfoPlist.strings */,
				3E856170195BF64F00BC3C88 /* main.m */,
				3E856172195BF64F00BC3C88 /* NewHour-Prefix.pch */,
			);
			name = "Supporting Files";
			sourceTree = "<group>";
		};
/* End PBXGroup section */

/* Begin PBXNativeTarget section */
		3E856160195BF64F00BC3C88 /* NewHour */ = {
			isa = PBXNativeTarget;
			buildConfigurationList = 3E856196195BF64F00BC3C88 /* Build configuration list for PBXNativeTarget "NewHour" */;
			buildPhases = (
				3E85615D195BF64F00BC3C88 /* Sources */,
				3E85615E195BF64F00BC3C88 /* Frameworks */,
				3E85615F195BF64F00BC3C88 /* Resources */,
			);
			buildRules = (
			);
			dependencies = (
			);
			name = NewHour;
			productName = NewHour;
			productReference = 3E856161195BF64F00BC3C88 /* NewHour.app */;
			productType = "com.apple.product-type.application";
		};
/* End PBXNativeTarget section */

/* Begin PBXProject section */
		3E856159195BF64F00BC3C88 /* Project object */ = {
			isa = PBXProject;
			attributes = {
				LastUpgradeCheck = 0510;
				ORGANIZATIONNAME = kublaios;
			};
			buildConfigurationList = 3E85615C195BF64F00BC3C88 /* Build configuration list for PBXProject "NewHour" */;
			compatibilityVersion = "Xcode 3.2";
			developmentRegion = English;
			hasScannedForEncodings = 0;
			knownRegions = (
				en,
				Base,
			);
			mainGroup = 3E856158195BF64F00BC3C88;
			productRefGroup = 3E856162195BF64F00BC3C88 /* Products */;
			projectDirPath = "";
			projectRoot = "";
			targets = (
				3E856160195BF64F00BC3C88 /* NewHour */,
			);
		};
/* End PBXProject section */

/* Begin PBXResourcesBuildPhase section */
		3E85615F195BF64F00BC3C88 /* Resources */ = {
			isa = PBXResourcesBuildPhase;
			buildActionMask = 2147483647;
			files = (
				3E85617B195BF64F00BC3C88 /* Main_iPad.storyboard in Resources */,
				3E856180195BF64F00BC3C88 /* Images.xcassets in Resources */,
				3E856178195BF64F00BC3C88 /* Main_iPhone.storyboard in Resources */,
				3E85616F195BF64F00BC3C88 /* InfoPlist.strings in Resources */,
				3E85619D195BF67A00BC3C88 /* ParseKeys.plist in Resources */,
			);
			runOnlyForDeploymentPostprocessing = 0;
		};
/* End PBXResourcesBuildPhase section */

/* Begin PBXSourcesBuildPhase section */
		3E85615D195BF64F00BC3C88 /* Sources */ = {
			isa = PBXSourcesBuildPhase;
			buildActionMask = 2147483647;
			files = (
				3E85617E195BF64F00BC3C88 /* ViewController.m in Sources */,
				3E856175195BF64F00BC3C88 /* AppDelegate.m in Sources */,
				3E856171195BF64F00BC3C88 /* main.m in Sources */,
			);
			runOnlyForDeploymentPostprocessing = 0;
		};
/* End PBXSourcesBuildPhase section */

/* Begin PBXVariantGroup section */
		3E85616D195BF64F00BC3C88 /* InfoPlist.strings */ = {
			isa = PBXVariantGroup;
			children = (
				3E85616E195BF64F00BC3C88 /* en */,
			);
			name = InfoPlist.strings;
			sourceTree = "<group>";
		};
		3E856176195BF64F00BC3C88 /* Main_iPhone.storyboard */ = {
			isa = PBXVariantGroup;
			children = (
				3E856177195BF64F00BC3C88 /* Base */,
			);
			name = Main_iPhone.storyboard;
			sourceTree = "<group>";
		};
		3E856179195BF64F00BC3C88 /* Main_iPad.storyboard */ = {
			isa = PBXVariantGroup;
			children = (
				3E85617A195BF64F00BC3C88 /* Base */,
			);
			name = Main_iPad.storyboard;
			sourceTree = "<group>";
		};
/* End PBXVariantGroup section */

/* Begin XCBuildConfiguration section */
		3E856194195BF64F00BC3C88 /* Debug */ = {
			isa = XCBuildConfiguration;
			buildSettings = {
				ALWAYS_SEARCH_USER_PATHS = NO;
				CLANG_CXX_LANGUAGE_STANDARD = "gnu++0x";
				CLANG_CXX_LIBRARY = "libc++";
				CLANG_ENABLE_MODULES = YES;
				CLANG_ENABLE_OBJC_ARC = YES;
				CLANG_WARN_BOOL_CONVERSION = YES;
				CLANG_WARN_CONSTANT_CONVERSION = YES;
				CLANG_WARN_DIRECT_OBJC_ISA_USAGE = YES_ERROR;
				CLANG_WARN_EMPTY_BODY = YES;
				CLANG_WARN_ENUM_CONVERSION = YES;
				CLANG_WARN_INT_CONVERSION = YES;
				CLANG_WARN_OBJC_ROOT_CLASS = YES_ERROR;
				CLANG_WARN__DUPLICATE_METHOD_MATCH = YES;
				CODE_SIGN_IDENTITY = "iPhone Developer: Kubilay Erdogan (8L43HVB9ZS)";
				"CODE_SIGN_IDENTITY[sdk=iphoneos*]" = "iPhone Developer: Kubilay Erdogan (8L43HVB9ZS)";
				COPY_PHASE_STRIP = NO;
				GCC_C_LANGUAGE_STANDARD = gnu99;
				GCC_DYNAMIC_NO_PIC = NO;
				GCC_OPTIMIZATION_LEVEL = 0;
				GCC_PREPROCESSOR_DEFINITIONS = (
					"DEBUG=1",
					"$(inherited)",
				);
				GCC_SYMBOLS_PRIVATE_EXTERN = NO;
				GCC_WARN_64_TO_32_BIT_CONVERSION = YES;
				GCC_WARN_ABOUT_RETURN_TYPE = YES_ERROR;
				GCC_WARN_UNDECLARED_SELECTOR = YES;
				GCC_WARN_UNINITIALIZED_AUTOS = YES_AGGRESSIVE;
				GCC_WARN_UNUSED_FUNCTION = YES;
				GCC_WARN_UNUSED_VARIABLE = YES;
				IPHONEOS_DEPLOYMENT_TARGET = 7.1;
				ONLY_ACTIVE_ARCH = YES;
				PROVISIONING_PROFILE = "7CF3C513-FD4D-4472-9D7D-8241EFDE21A1";
				SDKROOT = iphoneos;
				TARGETED_DEVICE_FAMILY = "1,2";
			};
			name = Debug;
		};
		3E856195195BF64F00BC3C88 /* Release */ = {
			isa = XCBuildConfiguration;
			buildSettings = {
				ALWAYS_SEARCH_USER_PATHS = NO;
				CLANG_CXX_LANGUAGE_STANDARD = "gnu++0x";
				CLANG_CXX_LIBRARY = "libc++";
				CLANG_ENABLE_MODULES = YES;
				CLANG_ENABLE_OBJC_ARC = YES;
				CLANG_WARN_BOOL_CONVERSION = YES;
				CLANG_WARN_CONSTANT_CONVERSION = YES;
				CLANG_WARN_DIRECT_OBJC_ISA_USAGE = YES_ERROR;
				CLANG_WARN_EMPTY_BODY = YES;
				CLANG_WARN_ENUM_CONVERSION = YES;
				CLANG_WARN_INT_CONVERSION = YES;
				CLANG_WARN_OBJC_ROOT_CLASS = YES_ERROR;
				CLANG_WARN__DUPLICATE_METHOD_MATCH = YES;
				CODE_SIGN_IDENTITY = "iPhone Developer: Kubilay Erdogan (8L43HVB9ZS)";
				"CODE_SIGN_IDENTITY[sdk=iphoneos*]" = "iPhone Developer: Kubilay Erdogan (8L43HVB9ZS)";
				COPY_PHASE_STRIP = YES;
				ENABLE_NS_ASSERTIONS = NO;
				GCC_C_LANGUAGE_STANDARD = gnu99;
				GCC_WARN_64_TO_32_BIT_CONVERSION = YES;
				GCC_WARN_ABOUT_RETURN_TYPE = YES_ERROR;
				GCC_WARN_UNDECLARED_SELECTOR = YES;
				GCC_WARN_UNINITIALIZED_AUTOS = YES_AGGRESSIVE;
				GCC_WARN_UNUSED_FUNCTION = YES;
				GCC_WARN_UNUSED_VARIABLE = YES;
				IPHONEOS_DEPLOYMENT_TARGET = 7.1;
				PROVISIONING_PROFILE = "7CF3C513-FD4D-4472-9D7D-8241EFDE21A1";
				SDKROOT = iphoneos;
				TARGETED_DEVICE_FAMILY = "1,2";
				VALIDATE_PRODUCT = YES;
			};
			name = Release;
		};
		3E856197195BF64F00BC3C88 /* Debug */ = {
			isa = XCBuildConfiguration;
			buildSettings = {
				ASSETCATALOG_COMPILER_APPICON_NAME = AppIcon;
				ASSETCATALOG_COMPILER_LAUNCHIMAGE_NAME = LaunchImage;
				FRAMEWORK_SEARCH_PATHS = (
					"$(inherited)",
					"$(PROJECT_DIR)",
				);
				GCC_PRECOMPILE_PREFIX_HEADER = YES;
				GCC_PREFIX_HEADER = "NewHour/NewHour-Prefix.pch";
				INFOPLIST_FILE = "NewHour/NewHour-Info.plist";
				PRODUCT_NAME = "$(TARGET_NAME)";
				WRAPPER_EXTENSION = app;
			};
			name = Debug;
		};
		3E856198195BF64F00BC3C88 /* Release */ = {
			isa = XCBuildConfiguration;
			buildSettings = {
				ASSETCATALOG_COMPILER_APPICON_NAME = AppIcon;
				ASSETCATALOG_COMPILER_LAUNCHIMAGE_NAME = LaunchImage;
				FRAMEWORK_SEARCH_PATHS = (
					"$(inherited)",
					"$(PROJECT_DIR)",
				);
				GCC_PRECOMPILE_PREFIX_HEADER = YES;
				GCC_PREFIX_HEADER = "NewHour/NewHour-Prefix.pch";
				INFOPLIST_FILE = "NewHour/NewHour-Info.plist";
				PRODUCT_NAME = "$(TARGET_NAME)";
				WRAPPER_EXTENSION = app;
			};
			name = Release;
		};
/* End XCBuildConfiguration section */

/* Begin XCConfigurationList section */
		3E85615C195BF64F00BC3C88 /* Build configuration list for PBXProject "NewHour" */ = {
			isa = XCConfigurationList;
			buildConfigurations = (
				3E856194195BF64F00BC3C88 /* Debug */,
				3E856195195BF64F00BC3C88 /* Release */,
			);
			defaultConfigurationIsVisible = 0;
			defaultConfigurationName = Release;
		};
		3E856196195BF64F00BC3C88 /* Build configuration list for PBXNativeTarget "NewHour" */ = {
			isa = XCConfigurationList;
			buildConfigurations = (
				3E856197195BF64F00BC3C88 /* Debug */,
				3E856198195BF64F00BC3C88 /* Release */,
			);
			defaultConfigurationIsVisible = 0;
			defaultConfigurationName = Release;
		};
/* End XCConfigurationList section */
	};
	rootObject = 3E856159195BF64F00BC3C88 /* Project object */;
}
